
Microsoft Visual Studio Solution File, Format Version 12.00
# Visual Studio 15
Project("{FAE04EC0-301F-11D3-BF4B-00C04F79EFBC}") = "Assembly-CSharp", "Assembly-CSharp.csproj", "{AC75BC75-3CEA-3802-075F-416B5B31380E}"
EndProject
Project("{FAE04EC0-301F-11D3-BF4B-00C04F79EFBC}") = "Assembly-CSharp-Editor", "Assembly-CSharp-Editor.csproj", "{4AC78315-08CD-1904-867C-4D597A88D2CD}"
EndProject
Project("{FAE04EC0-301F-11D3-BF4B-00C04F79EFBC}") = "Assembly-CSharp.Player", "Assembly-CSharp.Player.csproj", "{6066E543-6188-A440-E372-875A7F02E00F}"
EndProject
Global
	GlobalSection(SolutionConfigurationPlatforms) = preSolution
		Debug|Any CPU = Debug|Any CPU
		Release|Any CPU = Release|Any CPU
	EndGlobalSection
	GlobalSection(ProjectConfigurationPlatforms) = postSolution
		{AC75BC75-3CEA-3802-075F-416B5B31380E}.Debug|Any CPU.ActiveCfg = Debug|Any CPU
		{AC75BC75-3CEA-3802-075F-416B5B31380E}.Debug|Any CPU.Build.0 = Debug|Any CPU
		{AC75BC75-3CEA-3802-075F-416B5B31380E}.Release|Any CPU.ActiveCfg = Release|Any CPU
		{AC75BC75-3CEA-3802-075F-416B5B31380E}.Release|Any CPU.Build.0 = Release|Any CPU
		{4AC78315-08CD-1904-867C-4D597A88D2CD}.Debug|Any CPU.ActiveCfg = Debug|Any CPU
		{4AC78315-08CD-1904-867C-4D597A88D2CD}.Debug|Any CPU.Build.0 = Debug|Any CPU
		{4AC78315-08CD-1904-867C-4D597A88D2CD}.Release|Any CPU.ActiveCfg = Release|Any CPU
		{4AC78315-08CD-1904-867C-4D597A88D2CD}.Release|Any CPU.Build.0 = Release|Any CPU
		{6066E543-6188-A440-E372-875A7F02E00F}.Debug|Any CPU.ActiveCfg = Debug|Any CPU
		{6066E543-6188-A440-E372-875A7F02E00F}.Debug|Any CPU.Build.0 = Debug|Any CPU
		{6066E543-6188-A440-E372-875A7F02E00F}.Release|Any CPU.ActiveCfg = Release|Any CPU
		{6066E543-6188-A440-E372-875A7F02E00F}.Release|Any CPU.Build.0 = Release|Any CPU
	EndGlobalSection
	GlobalSection(SolutionProperties) = preSolution
		HideSolutionNode = FALSE
	EndGlobalSection
EndGlobal
